
Microsoft Visual Studio Solution File, Format Version 12.00
Project("{FAE04EC0-301F-11D3-BF4B-00C04F79EFBC}") = "AzureADDemo", "AzureADDemo\AzureADDemo.csproj", "{61A72F8C-0E6B-4CE2-80BA-A5C613A4534A}"
EndProject
Global
	GlobalSection(SolutionConfigurationPlatforms) = preSolution
		Debug|Any CPU = Debug|Any CPU
		Release|Any CPU = Release|Any CPU
	EndGlobalSection
	GlobalSection(ProjectConfigurationPlatforms) = postSolution
		{61A72F8C-0E6B-4CE2-80BA-A5C613A4534A}.Debug|Any CPU.ActiveCfg = Debug|Any CPU
		{61A72F8C-0E6B-4CE2-80BA-A5C613A4534A}.Debug|Any CPU.Build.0 = Debug|Any CPU
		{61A72F8C-0E6B-4CE2-80BA-A5C613A4534A}.Release|Any CPU.ActiveCfg = Release|Any CPU
		{61A72F8C-0E6B-4CE2-80BA-A5C613A4534A}.Release|Any CPU.Build.0 = Release|Any CPU
	EndGlobalSection
EndGlobal
